
Microsoft Visual Studio Solution File, Format Version 12.00
# Visual Studio Version 16
VisualStudioVersion = 16.0.31624.102
MinimumVisualStudioVersion = 10.0.40219.1
Project("{9A19103F-16F7-4668-BE54-9A1E7A4F7556}") = "MiCalculadora", "MiCalculadora\MiCalculadora.csproj", "{87068B82-BC05-4EDA-8901-0AC530EEED6E}"
EndProject
Project("{9A19103F-16F7-4668-BE54-9A1E7A4F7556}") = "Entidades", "..\Entidades\TP1_Parral Miguel\Entidades.csproj", "{5B784038-DEDB-49A5-851E-24D873A1BCC4}"
EndProject
Global
	GlobalSection(SolutionConfigurationPlatforms) = preSolution
		Debug|Any CPU = Debug|Any CPU
		Release|Any CPU = Release|Any CPU
	EndGlobalSection
	GlobalSection(ProjectConfigurationPlatforms) = postSolution
		{87068B82-BC05-4EDA-8901-0AC530EEED6E}.Debug|Any CPU.ActiveCfg = Debug|Any CPU
		{87068B82-BC05-4EDA-8901-0AC530EEED6E}.Debug|Any CPU.Build.0 = Debug|Any CPU
		{87068B82-BC05-4EDA-8901-0AC530EEED6E}.Release|Any CPU.ActiveCfg = Release|Any CPU
		{87068B82-BC05-4EDA-8901-0AC530EEED6E}.Release|Any CPU.Build.0 = Release|Any CPU
		{5B784038-DEDB-49A5-851E-24D873A1BCC4}.Debug|Any CPU.ActiveCfg = Debug|Any CPU
		{5B784038-DEDB-49A5-851E-24D873A1BCC4}.Debug|Any CPU.Build.0 = Debug|Any CPU
		{5B784038-DEDB-49A5-851E-24D873A1BCC4}.Release|Any CPU.ActiveCfg = Release|Any CPU
		{5B784038-DEDB-49A5-851E-24D873A1BCC4}.Release|Any CPU.Build.0 = Release|Any CPU
	EndGlobalSection
	GlobalSection(SolutionProperties) = preSolution
		HideSolutionNode = FALSE
	EndGlobalSection
	GlobalSection(ExtensibilityGlobals) = postSolution
		SolutionGuid = {D821EB3C-CD08-4622-B29A-3C78843DF20B}
	EndGlobalSection
EndGlobal
